// !$*UTF8*$!
{
	archiveVersion = 1;
	classes = {
	};
	objectVersion = 46;
	objects = {

/* Begin PBXBuildFile section */
		86E26DF81CD28A2200D5D039 /* main.cpp in Sources */ = {isa = PBXBuildFile; fileRef = 86E26DF71CD28A2200D5D039 /* main.cpp */; };
		86E26E001CD4F84A00D5D039 /* PriorityQueue.cpp in Sources */ = {isa = PBXBuildFile; fileRef = 86E26DFE1CD4F84A00D5D039 /* PriorityQueue.cpp */; };
		86E26E031CD4F8C400D5D039 /* Graph.cpp in Sources */ = {isa = PBXBuildFile; fileRef = 86E26E011CD4F8C400D5D039 /* Graph.cpp */; };
		86E26E061CD550CD00D5D039 /* DijkstraAlgorithm.cpp in Sources */ = {isa = PBXBuildFile; fileRef = 86E26E041CD550CD00D5D039 /* DijkstraAlgorithm.cpp */; };
/* End PBXBuildFile section */

/* Begin PBXCopyFilesBuildPhase section */
		86E26DF21CD28A2200D5D039 /* CopyFiles */ = {
			isa = PBXCopyFilesBuildPhase;
			buildActionMask = 2147483647;
			dstPath = /usr/share/man/man1/;
			dstSubfolderSpec = 0;
			files = (
			);
			runOnlyForDeploymentPostprocessing = 1;
		};
/* End PBXCopyFilesBuildPhase section */

/* Begin PBXFileReference section */
		86E26DF41CD28A2200D5D039 /* DijkstraAlgorithm */ = {isa = PBXFileReference; explicitFileType = "compiled.mach-o.executable"; includeInIndex = 0; path = DijkstraAlgorithm; sourceTree = BUILT_PRODUCTS_DIR; };
		86E26DF71CD28A2200D5D039 /* main.cpp */ = {isa = PBXFileReference; lastKnownFileType = sourcecode.cpp.cpp; path = main.cpp; sourceTree = "<group>"; };
		86E26DFE1CD4F84A00D5D039 /* PriorityQueue.cpp */ = {isa = PBXFileReference; fileEncoding = 4; lastKnownFileType = sourcecode.cpp.cpp; path = PriorityQueue.cpp; sourceTree = "<group>"; };
		86E26DFF1CD4F84A00D5D039 /* PriorityQueue.h */ = {isa = PBXFileReference; fileEncoding = 4; lastKnownFileType = sourcecode.c.h; path = PriorityQueue.h; sourceTree = "<group>"; };
		86E26E011CD4F8C400D5D039 /* Graph.cpp */ = {isa = PBXFileReference; fileEncoding = 4; lastKnownFileType = sourcecode.cpp.cpp; path = Graph.cpp; sourceTree = "<group>"; };
		86E26E021CD4F8C400D5D039 /* Graph.h */ = {isa = PBXFileReference; fileEncoding = 4; lastKnownFileType = sourcecode.c.h; path = Graph.h; sourceTree = "<group>"; };
		86E26E041CD550CD00D5D039 /* DijkstraAlgorithm.cpp */ = {isa = PBXFileReference; fileEncoding = 4; lastKnownFileType = sourcecode.cpp.cpp; path = DijkstraAlgorithm.cpp; sourceTree = "<group>"; };
		86E26E051CD550CD00D5D039 /* DijkstraAlgorithm.h */ = {isa = PBXFileReference; fileEncoding = 4; lastKnownFileType = sourcecode.c.h; path = DijkstraAlgorithm.h; sourceTree = "<group>"; };
/* End PBXFileReference section */

/* Begin PBXFrameworksBuildPhase section */
		86E26DF11CD28A2200D5D039 /* Frameworks */ = {
			isa = PBXFrameworksBuildPhase;
			buildActionMask = 2147483647;
			files = (
			);
			runOnlyForDeploymentPostprocessing = 0;
		};
/* End PBXFrameworksBuildPhase section */

/* Begin PBXGroup section */
		86E26DEB1CD28A2100D5D039 = {
			isa = PBXGroup;
			children = (
				86E26DF61CD28A2200D5D039 /* DijkstraAlgorithm */,
				86E26DF51CD28A2200D5D039 /* Products */,
			);
			sourceTree = "<group>";
		};
		86E26DF51CD28A2200D5D039 /* Products */ = {
			isa = PBXGroup;
			children = (
				86E26DF41CD28A2200D5D039 /* DijkstraAlgorithm */,
			);
			name = Products;
			sourceTree = "<group>";
		};
		86E26DF61CD28A2200D5D039 /* DijkstraAlgorithm */ = {
			isa = PBXGroup;
			children = (
				86E26DF71CD28A2200D5D039 /* main.cpp */,
				86E26DFE1CD4F84A00D5D039 /* PriorityQueue.cpp */,
				86E26DFF1CD4F84A00D5D039 /* PriorityQueue.h */,
				86E26E011CD4F8C400D5D039 /* Graph.cpp */,
				86E26E021CD4F8C400D5D039 /* Graph.h */,
				86E26E041CD550CD00D5D039 /* DijkstraAlgorithm.cpp */,
				86E26E051CD550CD00D5D039 /* DijkstraAlgorithm.h */,
			);
			path = DijkstraAlgorithm;
			sourceTree = "<group>";
		};
/* End PBXGroup section */

/* Begin PBXNativeTarget section */
		86E26DF31CD28A2200D5D039 /* DijkstraAlgorithm */ = {
			isa = PBXNativeTarget;
			buildConfigurationList = 86E26DFB1CD28A2200D5D039 /* Build configuration list for PBXNativeTarget "DijkstraAlgorithm" */;
			buildPhases = (
				86E26DF01CD28A2200D5D039 /* Sources */,
				86E26DF11CD28A2200D5D039 /* Frameworks */,
				86E26DF21CD28A2200D5D039 /* CopyFiles */,
			);
			buildRules = (
			);
			dependencies = (
			);
			name = DijkstraAlgorithm;
			productName = DijkstraAlgorithm;
			productReference = 86E26DF41CD28A2200D5D039 /* DijkstraAlgorithm */;
			productType = "com.apple.product-type.tool";
		};
/* End PBXNativeTarget section */

/* Begin PBXProject section */
		86E26DEC1CD28A2100D5D039 /* Project object */ = {
			isa = PBXProject;
			attributes = {
				LastUpgradeCheck = 0720;
				ORGANIZATIONNAME = "Stanislaw Pankevich";
				TargetAttributes = {
					86E26DF31CD28A2200D5D039 = {
						CreatedOnToolsVersion = 7.2.1;
					};
				};
			};
			buildConfigurationList = 86E26DEF1CD28A2100D5D039 /* Build configuration list for PBXProject "DijkstraAlgorithm" */;
			compatibilityVersion = "Xcode 3.2";
			developmentRegion = English;
			hasScannedForEncodings = 0;
			knownRegions = (
				en,
			);
			mainGroup = 86E26DEB1CD28A2100D5D039;
			productRefGroup = 86E26DF51CD28A2200D5D039 /* Products */;
			projectDirPath = "";
			projectRoot = "";
			targets = (
				86E26DF31CD28A2200D5D039 /* DijkstraAlgorithm */,
			);
		};
/* End PBXProject section */

/* Begin PBXSourcesBuildPhase section */
		86E26DF01CD28A2200D5D039 /* Sources */ = {
			isa = PBXSourcesBuildPhase;
			buildActionMask = 2147483647;
			files = (
				86E26DF81CD28A2200D5D039 /* main.cpp in Sources */,
				86E26E061CD550CD00D5D039 /* DijkstraAlgorithm.cpp in Sources */,
				86E26E031CD4F8C400D5D039 /* Graph.cpp in Sources */,
				86E26E001CD4F84A00D5D039 /* PriorityQueue.cpp in Sources */,
			);
			runOnlyForDeploymentPostprocessing = 0;
		};
/* End PBXSourcesBuildPhase section */

/* Begin XCBuildConfiguration section */
		86E26DF91CD28A2200D5D039 /* Debug */ = {
			isa = XCBuildConfiguration;
			buildSettings = {
				ALWAYS_SEARCH_USER_PATHS = NO;
				CLANG_CXX_LANGUAGE_STANDARD = "gnu++0x";
				CLANG_CXX_LIBRARY = "libc++";
				CLANG_ENABLE_MODULES = YES;
				CLANG_ENABLE_OBJC_ARC = YES;
				CLANG_WARN_BOOL_CONVERSION = YES;
				CLANG_WARN_CONSTANT_CONVERSION = YES;
				CLANG_WARN_DIRECT_OBJC_ISA_USAGE = YES_ERROR;
				CLANG_WARN_EMPTY_BODY = YES;
				CLANG_WARN_ENUM_CONVERSION = YES;
				CLANG_WARN_INT_CONVERSION = YES;
				CLANG_WARN_OBJC_ROOT_CLASS = YES_ERROR;
				CLANG_WARN_UNREACHABLE_CODE = YES;
				CLANG_WARN__DUPLICATE_METHOD_MATCH = YES;
				CODE_SIGN_IDENTITY = "-";
				COPY_PHASE_STRIP = NO;
				DEBUG_INFORMATION_FORMAT = dwarf;
				ENABLE_STRICT_OBJC_MSGSEND = YES;
				ENABLE_TESTABILITY = YES;
				GCC_C_LANGUAGE_STANDARD = gnu99;
				GCC_DYNAMIC_NO_PIC = NO;
				GCC_NO_COMMON_BLOCKS = YES;
				GCC_OPTIMIZATION_LEVEL = 0;
				GCC_PREPROCESSOR_DEFINITIONS = (
					"DEBUG=1",
					"$(inherited)",
				);
				GCC_WARN_64_TO_32_BIT_CONVERSION = YES;
				GCC_WARN_ABOUT_RETURN_TYPE = YES_ERROR;
				GCC_WARN_UNDECLARED_SELECTOR = YES;
				GCC_WARN_UNINITIALIZED_AUTOS = YES_AGGRESSIVE;
				GCC_WARN_UNUSED_FUNCTION = YES;
				GCC_WARN_UNUSED_VARIABLE = YES;
				MACOSX_DEPLOYMENT_TARGET = 10.11;
				MTL_ENABLE_DEBUG_INFO = YES;
				ONLY_ACTIVE_ARCH = YES;
				SDKROOT = macosx;
			};
			name = Debug;
		};
		86E26DFA1CD28A2200D5D039 /* Release */ = {
			isa = XCBuildConfiguration;
			buildSettings = {
				ALWAYS_SEARCH_USER_PATHS = NO;
				CLANG_CXX_LANGUAGE_STANDARD = "gnu++0x";
				CLANG_CXX_LIBRARY = "libc++";
				CLANG_ENABLE_MODULES = YES;
				CLANG_ENABLE_OBJC_ARC = YES;
				CLANG_WARN_BOOL_CONVERSION = YES;
				CLANG_WARN_CONSTANT_CONVERSION = YES;
				CLANG_WARN_DIRECT_OBJC_ISA_USAGE = YES_ERROR;
				CLANG_WARN_EMPTY_BODY = YES;
				CLANG_WARN_ENUM_CONVERSION = YES;
				CLANG_WARN_INT_CONVERSION = YES;
				CLANG_WARN_OBJC_ROOT_CLASS = YES_ERROR;
				CLANG_WARN_UNREACHABLE_CODE = YES;
				CLANG_WARN__DUPLICATE_METHOD_MATCH = YES;
				CODE_SIGN_IDENTITY = "-";
				COPY_PHASE_STRIP = NO;
				DEBUG_INFORMATION_FORMAT = "dwarf-with-dsym";
				ENABLE_NS_ASSERTIONS = NO;
				ENABLE_STRICT_OBJC_MSGSEND = YES;
				GCC_C_LANGUAGE_STANDARD = gnu99;
				GCC_NO_COMMON_BLOCKS = YES;
				GCC_WARN_64_TO_32_BIT_CONVERSION = YES;
				GCC_WARN_ABOUT_RETURN_TYPE = YES_ERROR;
				GCC_WARN_UNDECLARED_SELECTOR = YES;
				GCC_WARN_UNINITIALIZED_AUTOS = YES_AGGRESSIVE;
				GCC_WARN_UNUSED_FUNCTION = YES;
				GCC_WARN_UNUSED_VARIABLE = YES;
				MACOSX_DEPLOYMENT_TARGET = 10.11;
				MTL_ENABLE_DEBUG_INFO = NO;
				SDKROOT = macosx;
			};
			name = Release;
		};
		86E26DFC1CD28A2200D5D039 /* Debug */ = {
			isa = XCBuildConfiguration;
			buildSettings = {
				GCC_WARN_INHIBIT_ALL_WARNINGS = YES;
				GCC_WARN_PEDANTIC = YES;
				PRODUCT_NAME = "$(TARGET_NAME)";
			};
			name = Debug;
		};
		86E26DFD1CD28A2200D5D039 /* Release */ = {
			isa = XCBuildConfiguration;
			buildSettings = {
				GCC_WARN_INHIBIT_ALL_WARNINGS = YES;
				GCC_WARN_PEDANTIC = YES;
				PRODUCT_NAME = "$(TARGET_NAME)";
			};
			name = Release;
		};
/* End XCBuildConfiguration section */

/* Begin XCConfigurationList section */
		86E26DEF1CD28A2100D5D039 /* Build configuration list for PBXProject "DijkstraAlgorithm" */ = {
			isa = XCConfigurationList;
			buildConfigurations = (
				86E26DF91CD28A2200D5D039 /* Debug */,
				86E26DFA1CD28A2200D5D039 /* Release */,
			);
			defaultConfigurationIsVisible = 0;
			defaultConfigurationName = Release;
		};
		86E26DFB1CD28A2200D5D039 /* Build configuration list for PBXNativeTarget "DijkstraAlgorithm" */ = {
			isa = XCConfigurationList;
			buildConfigurations = (
				86E26DFC1CD28A2200D5D039 /* Debug */,
				86E26DFD1CD28A2200D5D039 /* Release */,
			);
			defaultConfigurationIsVisible = 0;
		};
/* End XCConfigurationList section */
	};
	rootObject = 86E26DEC1CD28A2100D5D039 /* Project object */;
}
